
Microsoft Visual Studio Solution File, Format Version 12.00
# Visual Studio Version 17
VisualStudioVersion = 17.8.34330.188
MinimumVisualStudioVersion = 10.0.40219.1
Project("{FAE04EC0-301F-11D3-BF4B-00C04F79EFBC}") = "W5Day21_Task2", "W5Day21_Task2\W5Day21_Task2.csproj", "{600A7988-F553-4AD4-9BF2-9FEE8D137296}"
EndProject
Global
	GlobalSection(SolutionConfigurationPlatforms) = preSolution
		Debug|Any CPU = Debug|Any CPU
		Release|Any CPU = Release|Any CPU
	EndGlobalSection
	GlobalSection(ProjectConfigurationPlatforms) = postSolution
		{600A7988-F553-4AD4-9BF2-9FEE8D137296}.Debug|Any CPU.ActiveCfg = Debug|Any CPU
		{600A7988-F553-4AD4-9BF2-9FEE8D137296}.Debug|Any CPU.Build.0 = Debug|Any CPU
		{600A7988-F553-4AD4-9BF2-9FEE8D137296}.Release|Any CPU.ActiveCfg = Release|Any CPU
		{600A7988-F553-4AD4-9BF2-9FEE8D137296}.Release|Any CPU.Build.0 = Release|Any CPU
	EndGlobalSection
	GlobalSection(SolutionProperties) = preSolution
		HideSolutionNode = FALSE
	EndGlobalSection
	GlobalSection(ExtensibilityGlobals) = postSolution
		SolutionGuid = {58E34E91-9D41-4DAA-864F-598F8BEAC94B}
	EndGlobalSection
EndGlobal
